// !$*UTF8*$!
{
	archiveVersion = 1;
	classes = {
	};
	objectVersion = 46;
	objects = {

/* Begin PBXBuildFile section */
		5DC9745A1EC1721500E3414D /* AppDelegate.swift in Sources */ = {isa = PBXBuildFile; fileRef = 5DC974591EC1721500E3414D /* AppDelegate.swift */; };
		5DC9745C1EC1721500E3414D /* ViewController.swift in Sources */ = {isa = PBXBuildFile; fileRef = 5DC9745B1EC1721500E3414D /* ViewController.swift */; };
		5DC9745F1EC1721500E3414D /* Main.storyboard in Resources */ = {isa = PBXBuildFile; fileRef = 5DC9745D1EC1721500E3414D /* Main.storyboard */; };
		5DC974611EC1721500E3414D /* Assets.xcassets in Resources */ = {isa = PBXBuildFile; fileRef = 5DC974601EC1721500E3414D /* Assets.xcassets */; };
		5DC974641EC1721500E3414D /* LaunchScreen.storyboard in Resources */ = {isa = PBXBuildFile; fileRef = 5DC974621EC1721500E3414D /* LaunchScreen.storyboard */; };
		5DC974761EC18CCF00E3414D /* AnyObjectCss.swift in Sources */ = {isa = PBXBuildFile; fileRef = 5DC9746C1EC18CCF00E3414D /* AnyObjectCss.swift */; };
		5DC974771EC18CCF00E3414D /* Css.swift in Sources */ = {isa = PBXBuildFile; fileRef = 5DC9746D1EC18CCF00E3414D /* Css.swift */; };
		5DC974781EC18CCF00E3414D /* CssOperator.swift in Sources */ = {isa = PBXBuildFile; fileRef = 5DC9746E1EC18CCF00E3414D /* CssOperator.swift */; };
		5DC974791EC18CCF00E3414D /* OtherOperator.swift in Sources */ = {isa = PBXBuildFile; fileRef = 5DC9746F1EC18CCF00E3414D /* OtherOperator.swift */; };
		5DC9747A1EC18CCF00E3414D /* UIButtonCss.swift in Sources */ = {isa = PBXBuildFile; fileRef = 5DC974701EC18CCF00E3414D /* UIButtonCss.swift */; };
		5DC9747B1EC18CCF00E3414D /* UIControl.swift in Sources */ = {isa = PBXBuildFile; fileRef = 5DC974711EC18CCF00E3414D /* UIControl.swift */; };
		5DC9747C1EC18CCF00E3414D /* UIImageViewCss.swift in Sources */ = {isa = PBXBuildFile; fileRef = 5DC974721EC18CCF00E3414D /* UIImageViewCss.swift */; };
		5DC9747D1EC18CCF00E3414D /* UILabelCss.swift in Sources */ = {isa = PBXBuildFile; fileRef = 5DC974731EC18CCF00E3414D /* UILabelCss.swift */; };
		5DC9747E1EC18CCF00E3414D /* UIViewCss.swift in Sources */ = {isa = PBXBuildFile; fileRef = 5DC974741EC18CCF00E3414D /* UIViewCss.swift */; };
		5DC9747F1EC18CCF00E3414D /* UserDefaults.swift in Sources */ = {isa = PBXBuildFile; fileRef = 5DC974751EC18CCF00E3414D /* UserDefaults.swift */; };
/* End PBXBuildFile section */

/* Begin PBXFileReference section */
		5DC974561EC1721500E3414D /* SwiftCss.app */ = {isa = PBXFileReference; explicitFileType = wrapper.application; includeInIndex = 0; path = SwiftCss.app; sourceTree = BUILT_PRODUCTS_DIR; };
		5DC974591EC1721500E3414D /* AppDelegate.swift */ = {isa = PBXFileReference; lastKnownFileType = sourcecode.swift; path = AppDelegate.swift; sourceTree = "<group>"; };
		5DC9745B1EC1721500E3414D /* ViewController.swift */ = {isa = PBXFileReference; lastKnownFileType = sourcecode.swift; path = ViewController.swift; sourceTree = "<group>"; };
		5DC9745E1EC1721500E3414D /* Base */ = {isa = PBXFileReference; lastKnownFileType = file.storyboard; name = Base; path = Base.lproj/Main.storyboard; sourceTree = "<group>"; };
		5DC974601EC1721500E3414D /* Assets.xcassets */ = {isa = PBXFileReference; lastKnownFileType = folder.assetcatalog; path = Assets.xcassets; sourceTree = "<group>"; };
		5DC974631EC1721500E3414D /* Base */ = {isa = PBXFileReference; lastKnownFileType = file.storyboard; name = Base; path = Base.lproj/LaunchScreen.storyboard; sourceTree = "<group>"; };
		5DC974651EC1721500E3414D /* Info.plist */ = {isa = PBXFileReference; lastKnownFileType = text.plist.xml; path = Info.plist; sourceTree = "<group>"; };
		5DC9746C1EC18CCF00E3414D /* AnyObjectCss.swift */ = {isa = PBXFileReference; fileEncoding = 4; lastKnownFileType = sourcecode.swift; name = AnyObjectCss.swift; path = css/AnyObjectCss.swift; sourceTree = "<group>"; };
		5DC9746D1EC18CCF00E3414D /* Css.swift */ = {isa = PBXFileReference; fileEncoding = 4; lastKnownFileType = sourcecode.swift; name = Css.swift; path = css/Css.swift; sourceTree = "<group>"; };
		5DC9746E1EC18CCF00E3414D /* CssOperator.swift */ = {isa = PBXFileReference; fileEncoding = 4; lastKnownFileType = sourcecode.swift; name = CssOperator.swift; path = css/CssOperator.swift; sourceTree = "<group>"; };
		5DC9746F1EC18CCF00E3414D /* OtherOperator.swift */ = {isa = PBXFileReference; fileEncoding = 4; lastKnownFileType = sourcecode.swift; name = OtherOperator.swift; path = css/OtherOperator.swift; sourceTree = "<group>"; };
		5DC974701EC18CCF00E3414D /* UIButtonCss.swift */ = {isa = PBXFileReference; fileEncoding = 4; lastKnownFileType = sourcecode.swift; name = UIButtonCss.swift; path = css/UIButtonCss.swift; sourceTree = "<group>"; };
		5DC974711EC18CCF00E3414D /* UIControl.swift */ = {isa = PBXFileReference; fileEncoding = 4; lastKnownFileType = sourcecode.swift; name = UIControl.swift; path = css/UIControl.swift; sourceTree = "<group>"; };
		5DC974721EC18CCF00E3414D /* UIImageViewCss.swift */ = {isa = PBXFileReference; fileEncoding = 4; lastKnownFileType = sourcecode.swift; name = UIImageViewCss.swift; path = css/UIImageViewCss.swift; sourceTree = "<group>"; };
		5DC974731EC18CCF00E3414D /* UILabelCss.swift */ = {isa = PBXFileReference; fileEncoding = 4; lastKnownFileType = sourcecode.swift; name = UILabelCss.swift; path = css/UILabelCss.swift; sourceTree = "<group>"; };
		5DC974741EC18CCF00E3414D /* UIViewCss.swift */ = {isa = PBXFileReference; fileEncoding = 4; lastKnownFileType = sourcecode.swift; name = UIViewCss.swift; path = css/UIViewCss.swift; sourceTree = "<group>"; };
		5DC974751EC18CCF00E3414D /* UserDefaults.swift */ = {isa = PBXFileReference; fileEncoding = 4; lastKnownFileType = sourcecode.swift; name = UserDefaults.swift; path = css/UserDefaults.swift; sourceTree = "<group>"; };
/* End PBXFileReference section */

/* Begin PBXFrameworksBuildPhase section */
		5DC974531EC1721500E3414D /* Frameworks */ = {
			isa = PBXFrameworksBuildPhase;
			buildActionMask = 2147483647;
			files = (
			);
			runOnlyForDeploymentPostprocessing = 0;
		};
/* End PBXFrameworksBuildPhase section */

/* Begin PBXGroup section */
		5DC9744D1EC1721500E3414D = {
			isa = PBXGroup;
			children = (
				5DC974581EC1721500E3414D /* SwiftCss */,
				5DC974571EC1721500E3414D /* Products */,
			);
			sourceTree = "<group>";
		};
		5DC974571EC1721500E3414D /* Products */ = {
			isa = PBXGroup;
			children = (
				5DC974561EC1721500E3414D /* SwiftCss.app */,
			);
			name = Products;
			sourceTree = "<group>";
		};
		5DC974581EC1721500E3414D /* SwiftCss */ = {
			isa = PBXGroup;
			children = (
				5DC9746B1EC18CC000E3414D /* CSS */,
				5DC974591EC1721500E3414D /* AppDelegate.swift */,
				5DC9745B1EC1721500E3414D /* ViewController.swift */,
				5DC9745D1EC1721500E3414D /* Main.storyboard */,
				5DC974601EC1721500E3414D /* Assets.xcassets */,
				5DC974621EC1721500E3414D /* LaunchScreen.storyboard */,
				5DC974651EC1721500E3414D /* Info.plist */,
			);
			path = SwiftCss;
			sourceTree = "<group>";
		};
		5DC9746B1EC18CC000E3414D /* CSS */ = {
			isa = PBXGroup;
			children = (
				5DC9746C1EC18CCF00E3414D /* AnyObjectCss.swift */,
				5DC9746D1EC18CCF00E3414D /* Css.swift */,
				5DC9746E1EC18CCF00E3414D /* CssOperator.swift */,
				5DC9746F1EC18CCF00E3414D /* OtherOperator.swift */,
				5DC974701EC18CCF00E3414D /* UIButtonCss.swift */,
				5DC974711EC18CCF00E3414D /* UIControl.swift */,
				5DC974721EC18CCF00E3414D /* UIImageViewCss.swift */,
				5DC974731EC18CCF00E3414D /* UILabelCss.swift */,
				5DC974741EC18CCF00E3414D /* UIViewCss.swift */,
				5DC974751EC18CCF00E3414D /* UserDefaults.swift */,
			);
			name = CSS;
			sourceTree = "<group>";
		};
/* End PBXGroup section */

/* Begin PBXNativeTarget section */
		5DC974551EC1721500E3414D /* SwiftCss */ = {
			isa = PBXNativeTarget;
			buildConfigurationList = 5DC974681EC1721500E3414D /* Build configuration list for PBXNativeTarget "SwiftCss" */;
			buildPhases = (
				5DC974521EC1721500E3414D /* Sources */,
				5DC974531EC1721500E3414D /* Frameworks */,
				5DC974541EC1721500E3414D /* Resources */,
			);
			buildRules = (
			);
			dependencies = (
			);
			name = SwiftCss;
			productName = SwiftCss;
			productReference = 5DC974561EC1721500E3414D /* SwiftCss.app */;
			productType = "com.apple.product-type.application";
		};
/* End PBXNativeTarget section */

/* Begin PBXProject section */
		5DC9744E1EC1721500E3414D /* Project object */ = {
			isa = PBXProject;
			attributes = {
				LastSwiftUpdateCheck = 0830;
				LastUpgradeCheck = 0830;
				ORGANIZATIONNAME = "谢添才";
				TargetAttributes = {
					5DC974551EC1721500E3414D = {
						CreatedOnToolsVersion = 8.3.1;
						DevelopmentTeam = 4P3U5L7UKK;
						ProvisioningStyle = Automatic;
					};
				};
			};
			buildConfigurationList = 5DC974511EC1721500E3414D /* Build configuration list for PBXProject "SwiftCss" */;
			compatibilityVersion = "Xcode 3.2";
			developmentRegion = English;
			hasScannedForEncodings = 0;
			knownRegions = (
				en,
				Base,
			);
			mainGroup = 5DC9744D1EC1721500E3414D;
			productRefGroup = 5DC974571EC1721500E3414D /* Products */;
			projectDirPath = "";
			projectRoot = "";
			targets = (
				5DC974551EC1721500E3414D /* SwiftCss */,
			);
		};
/* End PBXProject section */

/* Begin PBXResourcesBuildPhase section */
		5DC974541EC1721500E3414D /* Resources */ = {
			isa = PBXResourcesBuildPhase;
			buildActionMask = 2147483647;
			files = (
				5DC974641EC1721500E3414D /* LaunchScreen.storyboard in Resources */,
				5DC974611EC1721500E3414D /* Assets.xcassets in Resources */,
				5DC9745F1EC1721500E3414D /* Main.storyboard in Resources */,
			);
			runOnlyForDeploymentPostprocessing = 0;
		};
/* End PBXResourcesBuildPhase section */

/* Begin PBXSourcesBuildPhase section */
		5DC974521EC1721500E3414D /* Sources */ = {
			isa = PBXSourcesBuildPhase;
			buildActionMask = 2147483647;
			files = (
				5DC9747D1EC18CCF00E3414D /* UILabelCss.swift in Sources */,
				5DC9745C1EC1721500E3414D /* ViewController.swift in Sources */,
				5DC9747B1EC18CCF00E3414D /* UIControl.swift in Sources */,
				5DC974771EC18CCF00E3414D /* Css.swift in Sources */,
				5DC974761EC18CCF00E3414D /* AnyObjectCss.swift in Sources */,
				5DC9747A1EC18CCF00E3414D /* UIButtonCss.swift in Sources */,
				5DC9747C1EC18CCF00E3414D /* UIImageViewCss.swift in Sources */,
				5DC9745A1EC1721500E3414D /* AppDelegate.swift in Sources */,
				5DC9747F1EC18CCF00E3414D /* UserDefaults.swift in Sources */,
				5DC974791EC18CCF00E3414D /* OtherOperator.swift in Sources */,
				5DC974781EC18CCF00E3414D /* CssOperator.swift in Sources */,
				5DC9747E1EC18CCF00E3414D /* UIViewCss.swift in Sources */,
			);
			runOnlyForDeploymentPostprocessing = 0;
		};
/* End PBXSourcesBuildPhase section */

/* Begin PBXVariantGroup section */
		5DC9745D1EC1721500E3414D /* Main.storyboard */ = {
			isa = PBXVariantGroup;
			children = (
				5DC9745E1EC1721500E3414D /* Base */,
			);
			name = Main.storyboard;
			sourceTree = "<group>";
		};
		5DC974621EC1721500E3414D /* LaunchScreen.storyboard */ = {
			isa = PBXVariantGroup;
			children = (
				5DC974631EC1721500E3414D /* Base */,
			);
			name = LaunchScreen.storyboard;
			sourceTree = "<group>";
		};
/* End PBXVariantGroup section */

/* Begin XCBuildConfiguration section */
		5DC974661EC1721500E3414D /* Debug */ = {
			isa = XCBuildConfiguration;
			buildSettings = {
				ALWAYS_SEARCH_USER_PATHS = NO;
				CLANG_ANALYZER_NONNULL = YES;
				CLANG_ANALYZER_NUMBER_OBJECT_CONVERSION = YES_AGGRESSIVE;
				CLANG_CXX_LANGUAGE_STANDARD = "gnu++0x";
				CLANG_CXX_LIBRARY = "libc++";
				CLANG_ENABLE_MODULES = YES;
				CLANG_ENABLE_OBJC_ARC = YES;
				CLANG_WARN_BOOL_CONVERSION = YES;
				CLANG_WARN_CONSTANT_CONVERSION = YES;
				CLANG_WARN_DIRECT_OBJC_ISA_USAGE = YES_ERROR;
				CLANG_WARN_DOCUMENTATION_COMMENTS = YES;
				CLANG_WARN_EMPTY_BODY = YES;
				CLANG_WARN_ENUM_CONVERSION = YES;
				CLANG_WARN_INFINITE_RECURSION = YES;
				CLANG_WARN_INT_CONVERSION = YES;
				CLANG_WARN_OBJC_ROOT_CLASS = YES_ERROR;
				CLANG_WARN_SUSPICIOUS_MOVE = YES;
				CLANG_WARN_UNREACHABLE_CODE = YES;
				CLANG_WARN__DUPLICATE_METHOD_MATCH = YES;
				"CODE_SIGN_IDENTITY[sdk=iphoneos*]" = "iPhone Developer";
				COPY_PHASE_STRIP = NO;
				DEBUG_INFORMATION_FORMAT = dwarf;
				ENABLE_STRICT_OBJC_MSGSEND = YES;
				ENABLE_TESTABILITY = YES;
				GCC_C_LANGUAGE_STANDARD = gnu99;
				GCC_DYNAMIC_NO_PIC = NO;
				GCC_NO_COMMON_BLOCKS = YES;
				GCC_OPTIMIZATION_LEVEL = 0;
				GCC_PREPROCESSOR_DEFINITIONS = (
					"DEBUG=1",
					"$(inherited)",
				);
				GCC_WARN_64_TO_32_BIT_CONVERSION = YES;
				GCC_WARN_ABOUT_RETURN_TYPE = YES_ERROR;
				GCC_WARN_UNDECLARED_SELECTOR = YES;
				GCC_WARN_UNINITIALIZED_AUTOS = YES_AGGRESSIVE;
				GCC_WARN_UNUSED_FUNCTION = YES;
				GCC_WARN_UNUSED_VARIABLE = YES;
				IPHONEOS_DEPLOYMENT_TARGET = 10.3;
				MTL_ENABLE_DEBUG_INFO = YES;
				ONLY_ACTIVE_ARCH = YES;
				SDKROOT = iphoneos;
				SWIFT_ACTIVE_COMPILATION_CONDITIONS = DEBUG;
				SWIFT_OPTIMIZATION_LEVEL = "-Onone";
			};
			name = Debug;
		};
		5DC974671EC1721500E3414D /* Release */ = {
			isa = XCBuildConfiguration;
			buildSettings = {
				ALWAYS_SEARCH_USER_PATHS = NO;
				CLANG_ANALYZER_NONNULL = YES;
				CLANG_ANALYZER_NUMBER_OBJECT_CONVERSION = YES_AGGRESSIVE;
				CLANG_CXX_LANGUAGE_STANDARD = "gnu++0x";
				CLANG_CXX_LIBRARY = "libc++";
				CLANG_ENABLE_MODULES = YES;
				CLANG_ENABLE_OBJC_ARC = YES;
				CLANG_WARN_BOOL_CONVERSION = YES;
				CLANG_WARN_CONSTANT_CONVERSION = YES;
				CLANG_WARN_DIRECT_OBJC_ISA_USAGE = YES_ERROR;
				CLANG_WARN_DOCUMENTATION_COMMENTS = YES;
				CLANG_WARN_EMPTY_BODY = YES;
				CLANG_WARN_ENUM_CONVERSION = YES;
				CLANG_WARN_INFINITE_RECURSION = YES;
				CLANG_WARN_INT_CONVERSION = YES;
				CLANG_WARN_OBJC_ROOT_CLASS = YES_ERROR;
				CLANG_WARN_SUSPICIOUS_MOVE = YES;
				CLANG_WARN_UNREACHABLE_CODE = YES;
				CLANG_WARN__DUPLICATE_METHOD_MATCH = YES;
				"CODE_SIGN_IDENTITY[sdk=iphoneos*]" = "iPhone Developer";
				COPY_PHASE_STRIP = NO;
				DEBUG_INFORMATION_FORMAT = "dwarf-with-dsym";
				ENABLE_NS_ASSERTIONS = NO;
				ENABLE_STRICT_OBJC_MSGSEND = YES;
				GCC_C_LANGUAGE_STANDARD = gnu99;
				GCC_NO_COMMON_BLOCKS = YES;
				GCC_WARN_64_TO_32_BIT_CONVERSION = YES;
				GCC_WARN_ABOUT_RETURN_TYPE = YES_ERROR;
				GCC_WARN_UNDECLARED_SELECTOR = YES;
				GCC_WARN_UNINITIALIZED_AUTOS = YES_AGGRESSIVE;
				GCC_WARN_UNUSED_FUNCTION = YES;
				GCC_WARN_UNUSED_VARIABLE = YES;
				IPHONEOS_DEPLOYMENT_TARGET = 10.3;
				MTL_ENABLE_DEBUG_INFO = NO;
				SDKROOT = iphoneos;
				SWIFT_OPTIMIZATION_LEVEL = "-Owholemodule";
				VALIDATE_PRODUCT = YES;
			};
			name = Release;
		};
		5DC974691EC1721500E3414D /* Debug */ = {
			isa = XCBuildConfiguration;
			buildSettings = {
				ASSETCATALOG_COMPILER_APPICON_NAME = AppIcon;
				DEVELOPMENT_TEAM = 4P3U5L7UKK;
				INFOPLIST_FILE = SwiftCss/Info.plist;
				LD_RUNPATH_SEARCH_PATHS = "$(inherited) @executable_path/Frameworks";
				PRODUCT_BUNDLE_IDENTIFIER = xtc.SwiftCss;
				PRODUCT_NAME = "$(TARGET_NAME)";
				SWIFT_VERSION = 3.0;
			};
			name = Debug;
		};
		5DC9746A1EC1721500E3414D /* Release */ = {
			isa = XCBuildConfiguration;
			buildSettings = {
				ASSETCATALOG_COMPILER_APPICON_NAME = AppIcon;
				DEVELOPMENT_TEAM = 4P3U5L7UKK;
				INFOPLIST_FILE = SwiftCss/Info.plist;
				LD_RUNPATH_SEARCH_PATHS = "$(inherited) @executable_path/Frameworks";
				PRODUCT_BUNDLE_IDENTIFIER = xtc.SwiftCss;
				PRODUCT_NAME = "$(TARGET_NAME)";
				SWIFT_VERSION = 3.0;
			};
			name = Release;
		};
/* End XCBuildConfiguration section */

/* Begin XCConfigurationList section */
		5DC974511EC1721500E3414D /* Build configuration list for PBXProject "SwiftCss" */ = {
			isa = XCConfigurationList;
			buildConfigurations = (
				5DC974661EC1721500E3414D /* Debug */,
				5DC974671EC1721500E3414D /* Release */,
			);
			defaultConfigurationIsVisible = 0;
			defaultConfigurationName = Release;
		};
		5DC974681EC1721500E3414D /* Build configuration list for PBXNativeTarget "SwiftCss" */ = {
			isa = XCConfigurationList;
			buildConfigurations = (
				5DC974691EC1721500E3414D /* Debug */,
				5DC9746A1EC1721500E3414D /* Release */,
			);
			defaultConfigurationIsVisible = 0;
			defaultConfigurationName = Release;
		};
/* End XCConfigurationList section */
	};
	rootObject = 5DC9744E1EC1721500E3414D /* Project object */;
}
